
Microsoft Visual Studio Solution File, Format Version 12.00
# Visual Studio Version 17
VisualStudioVersion = 17.14.36301.6 d17.14
MinimumVisualStudioVersion = 10.0.40219.1
Project("{FAE04EC0-301F-11D3-BF4B-00C04F79EFBC}") = "TasteTrack_RMS", "TasteTrack_RMS.csproj", "{F826DFA6-EED0-42C4-BE1E-D1C91BA264AB}"
EndProject
Project("{FAE04EC0-301F-11D3-BF4B-00C04F79EFBC}") = "TasteTrack_RMS_Application", "..\TasteTrack_RMS_Application\TasteTrack_RMS_Application.csproj", "{404EAEA4-E66C-4D99-8D08-BB203FBB48AA}"
EndProject
Global
	GlobalSection(SolutionConfigurationPlatforms) = preSolution
		Debug|Any CPU = Debug|Any CPU
		Release|Any CPU = Release|Any CPU
	EndGlobalSection
	GlobalSection(ProjectConfigurationPlatforms) = postSolution
		{F826DFA6-EED0-42C4-BE1E-D1C91BA264AB}.Debug|Any CPU.ActiveCfg = Debug|Any CPU
		{F826DFA6-EED0-42C4-BE1E-D1C91BA264AB}.Debug|Any CPU.Build.0 = Debug|Any CPU
		{F826DFA6-EED0-42C4-BE1E-D1C91BA264AB}.Release|Any CPU.ActiveCfg = Release|Any CPU
		{F826DFA6-EED0-42C4-BE1E-D1C91BA264AB}.Release|Any CPU.Build.0 = Release|Any CPU
		{404EAEA4-E66C-4D99-8D08-BB203FBB48AA}.Debug|Any CPU.ActiveCfg = Debug|Any CPU
		{404EAEA4-E66C-4D99-8D08-BB203FBB48AA}.Debug|Any CPU.Build.0 = Debug|Any CPU
		{404EAEA4-E66C-4D99-8D08-BB203FBB48AA}.Release|Any CPU.ActiveCfg = Release|Any CPU
		{404EAEA4-E66C-4D99-8D08-BB203FBB48AA}.Release|Any CPU.Build.0 = Release|Any CPU
	EndGlobalSection
	GlobalSection(SolutionProperties) = preSolution
		HideSolutionNode = FALSE
	EndGlobalSection
	GlobalSection(ExtensibilityGlobals) = postSolution
		SolutionGuid = {094017FC-2F89-4BA9-9EAE-9599215DBFCF}
	EndGlobalSection
EndGlobal
